// !$*UTF8*$!
{
	archiveVersion = 1;
	classes = {
	};
	objectVersion = 56;
	objects = {

/* Begin PBXBuildFile section */
		CB0915482A82597B004FF558 /* DetailRow.swift in Sources */ = {isa = PBXBuildFile; fileRef = CB0915472A82597B004FF558 /* DetailRow.swift */; };
		CB09154F2A826BA6004FF558 /* NetworkManager.swift in Sources */ = {isa = PBXBuildFile; fileRef = CB09154E2A826BA6004FF558 /* NetworkManager.swift */; };
		CB0915512A827308004FF558 /* HeroResponse.swift in Sources */ = {isa = PBXBuildFile; fileRef = CB0915502A827308004FF558 /* HeroResponse.swift */; };
		CB0915532A828A14004FF558 /* HeroesViewModel.swift in Sources */ = {isa = PBXBuildFile; fileRef = CB0915522A828A14004FF558 /* HeroesViewModel.swift */; };
		CB8BF4D12A815E4400F5E411 /* SuperHero3App.swift in Sources */ = {isa = PBXBuildFile; fileRef = CB8BF4D02A815E4400F5E411 /* SuperHero3App.swift */; };
		CB8BF4D32A815E4400F5E411 /* ContentView.swift in Sources */ = {isa = PBXBuildFile; fileRef = CB8BF4D22A815E4400F5E411 /* ContentView.swift */; };
		CB8BF4D52A815E4700F5E411 /* Assets.xcassets in Resources */ = {isa = PBXBuildFile; fileRef = CB8BF4D42A815E4700F5E411 /* Assets.xcassets */; };
		CB8BF4D82A815E4700F5E411 /* Preview Assets.xcassets in Resources */ = {isa = PBXBuildFile; fileRef = CB8BF4D72A815E4700F5E411 /* Preview Assets.xcassets */; };
		CB8BF4DF2A815F3B00F5E411 /* InfoRow.swift in Sources */ = {isa = PBXBuildFile; fileRef = CB8BF4DE2A815F3B00F5E411 /* InfoRow.swift */; };
		CB8BF4E12A81600600F5E411 /* Post.swift in Sources */ = {isa = PBXBuildFile; fileRef = CB8BF4E02A81600600F5E411 /* Post.swift */; };
		CB8BF4E32A82403F00F5E411 /* InfoDetails.swift in Sources */ = {isa = PBXBuildFile; fileRef = CB8BF4E22A82403F00F5E411 /* InfoDetails.swift */; };
		CB8BF4E52A8246EB00F5E411 /* InfoView.swift in Sources */ = {isa = PBXBuildFile; fileRef = CB8BF4E42A8246EB00F5E411 /* InfoView.swift */; };
		CB8BF4E72A8249AF00F5E411 /* HelloView.swift in Sources */ = {isa = PBXBuildFile; fileRef = CB8BF4E62A8249AF00F5E411 /* HelloView.swift */; };
		CB8BF4E92A824A5100F5E411 /* SettingsView.swift in Sources */ = {isa = PBXBuildFile; fileRef = CB8BF4E82A824A5100F5E411 /* SettingsView.swift */; };
/* End PBXBuildFile section */

/* Begin PBXFileReference section */
		CB0915472A82597B004FF558 /* DetailRow.swift */ = {isa = PBXFileReference; lastKnownFileType = sourcecode.swift; path = DetailRow.swift; sourceTree = "<group>"; };
		CB09154E2A826BA6004FF558 /* NetworkManager.swift */ = {isa = PBXFileReference; lastKnownFileType = sourcecode.swift; path = NetworkManager.swift; sourceTree = "<group>"; };
		CB0915502A827308004FF558 /* HeroResponse.swift */ = {isa = PBXFileReference; lastKnownFileType = sourcecode.swift; path = HeroResponse.swift; sourceTree = "<group>"; };
		CB0915522A828A14004FF558 /* HeroesViewModel.swift */ = {isa = PBXFileReference; lastKnownFileType = sourcecode.swift; path = HeroesViewModel.swift; sourceTree = "<group>"; };
		CB8BF4CD2A815E4400F5E411 /* SuperHero3.app */ = {isa = PBXFileReference; explicitFileType = wrapper.application; includeInIndex = 0; path = SuperHero3.app; sourceTree = BUILT_PRODUCTS_DIR; };
		CB8BF4D02A815E4400F5E411 /* SuperHero3App.swift */ = {isa = PBXFileReference; lastKnownFileType = sourcecode.swift; path = SuperHero3App.swift; sourceTree = "<group>"; };
		CB8BF4D22A815E4400F5E411 /* ContentView.swift */ = {isa = PBXFileReference; lastKnownFileType = sourcecode.swift; path = ContentView.swift; sourceTree = "<group>"; };
		CB8BF4D42A815E4700F5E411 /* Assets.xcassets */ = {isa = PBXFileReference; lastKnownFileType = folder.assetcatalog; path = Assets.xcassets; sourceTree = "<group>"; };
		CB8BF4D72A815E4700F5E411 /* Preview Assets.xcassets */ = {isa = PBXFileReference; lastKnownFileType = folder.assetcatalog; path = "Preview Assets.xcassets"; sourceTree = "<group>"; };
		CB8BF4DE2A815F3B00F5E411 /* InfoRow.swift */ = {isa = PBXFileReference; lastKnownFileType = sourcecode.swift; path = InfoRow.swift; sourceTree = "<group>"; };
		CB8BF4E02A81600600F5E411 /* Post.swift */ = {isa = PBXFileReference; lastKnownFileType = sourcecode.swift; path = Post.swift; sourceTree = "<group>"; };
		CB8BF4E22A82403F00F5E411 /* InfoDetails.swift */ = {isa = PBXFileReference; lastKnownFileType = sourcecode.swift; path = InfoDetails.swift; sourceTree = "<group>"; };
		CB8BF4E42A8246EB00F5E411 /* InfoView.swift */ = {isa = PBXFileReference; lastKnownFileType = sourcecode.swift; path = InfoView.swift; sourceTree = "<group>"; };
		CB8BF4E62A8249AF00F5E411 /* HelloView.swift */ = {isa = PBXFileReference; lastKnownFileType = sourcecode.swift; path = HelloView.swift; sourceTree = "<group>"; };
		CB8BF4E82A824A5100F5E411 /* SettingsView.swift */ = {isa = PBXFileReference; lastKnownFileType = sourcecode.swift; path = SettingsView.swift; sourceTree = "<group>"; };
/* End PBXFileReference section */

/* Begin PBXFrameworksBuildPhase section */
		CB8BF4CA2A815E4400F5E411 /* Frameworks */ = {
			isa = PBXFrameworksBuildPhase;
			buildActionMask = 2147483647;
			files = (
			);
			runOnlyForDeploymentPostprocessing = 0;
		};
/* End PBXFrameworksBuildPhase section */

/* Begin PBXGroup section */
		CB09154A2A825FF0004FF558 /* InfoTabItem */ = {
			isa = PBXGroup;
			children = (
				CB0915522A828A14004FF558 /* HeroesViewModel.swift */,
				CB8BF4E42A8246EB00F5E411 /* InfoView.swift */,
				CB8BF4DE2A815F3B00F5E411 /* InfoRow.swift */,
				CB8BF4E22A82403F00F5E411 /* InfoDetails.swift */,
				CB0915472A82597B004FF558 /* DetailRow.swift */,
			);
			path = InfoTabItem;
			sourceTree = "<group>";
		};
		CB09154B2A826046004FF558 /* Model */ = {
			isa = PBXGroup;
			children = (
				CB8BF4E02A81600600F5E411 /* Post.swift */,
			);
			path = Model;
			sourceTree = "<group>";
		};
		CB09154C2A826068004FF558 /* HelloTabItem */ = {
			isa = PBXGroup;
			children = (
				CB8BF4E62A8249AF00F5E411 /* HelloView.swift */,
			);
			path = HelloTabItem;
			sourceTree = "<group>";
		};
		CB09154D2A826079004FF558 /* SettingsTabItem */ = {
			isa = PBXGroup;
			children = (
				CB8BF4E82A824A5100F5E411 /* SettingsView.swift */,
			);
			path = SettingsTabItem;
			sourceTree = "<group>";
		};
		CB45C12A2A829AE000783200 /* NetworkManager */ = {
			isa = PBXGroup;
			children = (
				CB0915502A827308004FF558 /* HeroResponse.swift */,
				CB09154E2A826BA6004FF558 /* NetworkManager.swift */,
			);
			path = NetworkManager;
			sourceTree = "<group>";
		};
		CB8BF4C42A815E4400F5E411 = {
			isa = PBXGroup;
			children = (
				CB8BF4CF2A815E4400F5E411 /* SuperHero3 */,
				CB8BF4CE2A815E4400F5E411 /* Products */,
			);
			sourceTree = "<group>";
		};
		CB8BF4CE2A815E4400F5E411 /* Products */ = {
			isa = PBXGroup;
			children = (
				CB8BF4CD2A815E4400F5E411 /* SuperHero3.app */,
			);
			name = Products;
			sourceTree = "<group>";
		};
		CB8BF4CF2A815E4400F5E411 /* SuperHero3 */ = {
			isa = PBXGroup;
			children = (
				CB8BF4D02A815E4400F5E411 /* SuperHero3App.swift */,
				CB8BF4D22A815E4400F5E411 /* ContentView.swift */,
				CB45C12A2A829AE000783200 /* NetworkManager */,
				CB09154A2A825FF0004FF558 /* InfoTabItem */,
				CB09154C2A826068004FF558 /* HelloTabItem */,
				CB09154D2A826079004FF558 /* SettingsTabItem */,
				CB09154B2A826046004FF558 /* Model */,
				CB8BF4D42A815E4700F5E411 /* Assets.xcassets */,
				CB8BF4D62A815E4700F5E411 /* Preview Content */,
			);
			path = SuperHero3;
			sourceTree = "<group>";
		};
		CB8BF4D62A815E4700F5E411 /* Preview Content */ = {
			isa = PBXGroup;
			children = (
				CB8BF4D72A815E4700F5E411 /* Preview Assets.xcassets */,
			);
			path = "Preview Content";
			sourceTree = "<group>";
		};
/* End PBXGroup section */

/* Begin PBXNativeTarget section */
		CB8BF4CC2A815E4400F5E411 /* SuperHero3 */ = {
			isa = PBXNativeTarget;
			buildConfigurationList = CB8BF4DB2A815E4700F5E411 /* Build configuration list for PBXNativeTarget "SuperHero3" */;
			buildPhases = (
				CB8BF4C92A815E4400F5E411 /* Sources */,
				CB8BF4CA2A815E4400F5E411 /* Frameworks */,
				CB8BF4CB2A815E4400F5E411 /* Resources */,
			);
			buildRules = (
			);
			dependencies = (
			);
			name = SuperHero3;
			productName = SuperHero3;
			productReference = CB8BF4CD2A815E4400F5E411 /* SuperHero3.app */;
			productType = "com.apple.product-type.application";
		};
/* End PBXNativeTarget section */

/* Begin PBXProject section */
		CB8BF4C52A815E4400F5E411 /* Project object */ = {
			isa = PBXProject;
			attributes = {
				BuildIndependentTargetsInParallel = 1;
				LastSwiftUpdateCheck = 1500;
				LastUpgradeCheck = 1500;
				TargetAttributes = {
					CB8BF4CC2A815E4400F5E411 = {
						CreatedOnToolsVersion = 15.0;
					};
				};
			};
			buildConfigurationList = CB8BF4C82A815E4400F5E411 /* Build configuration list for PBXProject "SuperHero3" */;
			compatibilityVersion = "Xcode 14.0";
			developmentRegion = en;
			hasScannedForEncodings = 0;
			knownRegions = (
				en,
				Base,
			);
			mainGroup = CB8BF4C42A815E4400F5E411;
			productRefGroup = CB8BF4CE2A815E4400F5E411 /* Products */;
			projectDirPath = "";
			projectRoot = "";
			targets = (
				CB8BF4CC2A815E4400F5E411 /* SuperHero3 */,
			);
		};
/* End PBXProject section */

/* Begin PBXResourcesBuildPhase section */
		CB8BF4CB2A815E4400F5E411 /* Resources */ = {
			isa = PBXResourcesBuildPhase;
			buildActionMask = 2147483647;
			files = (
				CB8BF4D82A815E4700F5E411 /* Preview Assets.xcassets in Resources */,
				CB8BF4D52A815E4700F5E411 /* Assets.xcassets in Resources */,
			);
			runOnlyForDeploymentPostprocessing = 0;
		};
/* End PBXResourcesBuildPhase section */

/* Begin PBXSourcesBuildPhase section */
		CB8BF4C92A815E4400F5E411 /* Sources */ = {
			isa = PBXSourcesBuildPhase;
			buildActionMask = 2147483647;
			files = (
				CB8BF4D32A815E4400F5E411 /* ContentView.swift in Sources */,
				CB0915482A82597B004FF558 /* DetailRow.swift in Sources */,
				CB0915512A827308004FF558 /* HeroResponse.swift in Sources */,
				CB09154F2A826BA6004FF558 /* NetworkManager.swift in Sources */,
				CB0915532A828A14004FF558 /* HeroesViewModel.swift in Sources */,
				CB8BF4E92A824A5100F5E411 /* SettingsView.swift in Sources */,
				CB8BF4D12A815E4400F5E411 /* SuperHero3App.swift in Sources */,
				CB8BF4DF2A815F3B00F5E411 /* InfoRow.swift in Sources */,
				CB8BF4E32A82403F00F5E411 /* InfoDetails.swift in Sources */,
				CB8BF4E52A8246EB00F5E411 /* InfoView.swift in Sources */,
				CB8BF4E72A8249AF00F5E411 /* HelloView.swift in Sources */,
				CB8BF4E12A81600600F5E411 /* Post.swift in Sources */,
			);
			runOnlyForDeploymentPostprocessing = 0;
		};
/* End PBXSourcesBuildPhase section */

/* Begin XCBuildConfiguration section */
		CB8BF4D92A815E4700F5E411 /* Debug */ = {
			isa = XCBuildConfiguration;
			buildSettings = {
				ALWAYS_SEARCH_USER_PATHS = NO;
				ASSETCATALOG_COMPILER_GENERATE_SWIFT_ASSET_SYMBOL_EXTENSIONS = YES;
				CLANG_ANALYZER_NONNULL = YES;
				CLANG_ANALYZER_NUMBER_OBJECT_CONVERSION = YES_AGGRESSIVE;
				CLANG_CXX_LANGUAGE_STANDARD = "gnu++20";
				CLANG_ENABLE_MODULES = YES;
				CLANG_ENABLE_OBJC_ARC = YES;
				CLANG_ENABLE_OBJC_WEAK = YES;
				CLANG_WARN_BLOCK_CAPTURE_AUTORELEASING = YES;
				CLANG_WARN_BOOL_CONVERSION = YES;
				CLANG_WARN_COMMA = YES;
				CLANG_WARN_CONSTANT_CONVERSION = YES;
				CLANG_WARN_DEPRECATED_OBJC_IMPLEMENTATIONS = YES;
				CLANG_WARN_DIRECT_OBJC_ISA_USAGE = YES_ERROR;
				CLANG_WARN_DOCUMENTATION_COMMENTS = YES;
				CLANG_WARN_EMPTY_BODY = YES;
				CLANG_WARN_ENUM_CONVERSION = YES;
				CLANG_WARN_INFINITE_RECURSION = YES;
				CLANG_WARN_INT_CONVERSION = YES;
				CLANG_WARN_NON_LITERAL_NULL_CONVERSION = YES;
				CLANG_WARN_OBJC_IMPLICIT_RETAIN_SELF = YES;
				CLANG_WARN_OBJC_LITERAL_CONVERSION = YES;
				CLANG_WARN_OBJC_ROOT_CLASS = YES_ERROR;
				CLANG_WARN_QUOTED_INCLUDE_IN_FRAMEWORK_HEADER = YES;
				CLANG_WARN_RANGE_LOOP_ANALYSIS = YES;
				CLANG_WARN_STRICT_PROTOTYPES = YES;
				CLANG_WARN_SUSPICIOUS_MOVE = YES;
				CLANG_WARN_UNGUARDED_AVAILABILITY = YES_AGGRESSIVE;
				CLANG_WARN_UNREACHABLE_CODE = YES;
				CLANG_WARN__DUPLICATE_METHOD_MATCH = YES;
				COPY_PHASE_STRIP = NO;
				DEBUG_INFORMATION_FORMAT = dwarf;
				ENABLE_STRICT_OBJC_MSGSEND = YES;
				ENABLE_TESTABILITY = YES;
				ENABLE_USER_SCRIPT_SANDBOXING = YES;
				GCC_C_LANGUAGE_STANDARD = gnu17;
				GCC_DYNAMIC_NO_PIC = NO;
				GCC_NO_COMMON_BLOCKS = YES;
				GCC_OPTIMIZATION_LEVEL = 0;
				GCC_PREPROCESSOR_DEFINITIONS = (
					"DEBUG=1",
					"$(inherited)",
				);
				GCC_WARN_64_TO_32_BIT_CONVERSION = YES;
				GCC_WARN_ABOUT_RETURN_TYPE = YES_ERROR;
				GCC_WARN_UNDECLARED_SELECTOR = YES;
				GCC_WARN_UNINITIALIZED_AUTOS = YES_AGGRESSIVE;
				GCC_WARN_UNUSED_FUNCTION = YES;
				GCC_WARN_UNUSED_VARIABLE = YES;
				IPHONEOS_DEPLOYMENT_TARGET = 17.0;
				LOCALIZATION_PREFERS_STRING_CATALOGS = YES;
				MTL_ENABLE_DEBUG_INFO = INCLUDE_SOURCE;
				MTL_FAST_MATH = YES;
				ONLY_ACTIVE_ARCH = YES;
				SDKROOT = iphoneos;
				SWIFT_ACTIVE_COMPILATION_CONDITIONS = "DEBUG $(inherited)";
				SWIFT_OPTIMIZATION_LEVEL = "-Onone";
			};
			name = Debug;
		};
		CB8BF4DA2A815E4700F5E411 /* Release */ = {
			isa = XCBuildConfiguration;
			buildSettings = {
				ALWAYS_SEARCH_USER_PATHS = NO;
				ASSETCATALOG_COMPILER_GENERATE_SWIFT_ASSET_SYMBOL_EXTENSIONS = YES;
				CLANG_ANALYZER_NONNULL = YES;
				CLANG_ANALYZER_NUMBER_OBJECT_CONVERSION = YES_AGGRESSIVE;
				CLANG_CXX_LANGUAGE_STANDARD = "gnu++20";
				CLANG_ENABLE_MODULES = YES;
				CLANG_ENABLE_OBJC_ARC = YES;
				CLANG_ENABLE_OBJC_WEAK = YES;
				CLANG_WARN_BLOCK_CAPTURE_AUTORELEASING = YES;
				CLANG_WARN_BOOL_CONVERSION = YES;
				CLANG_WARN_COMMA = YES;
				CLANG_WARN_CONSTANT_CONVERSION = YES;
				CLANG_WARN_DEPRECATED_OBJC_IMPLEMENTATIONS = YES;
				CLANG_WARN_DIRECT_OBJC_ISA_USAGE = YES_ERROR;
				CLANG_WARN_DOCUMENTATION_COMMENTS = YES;
				CLANG_WARN_EMPTY_BODY = YES;
				CLANG_WARN_ENUM_CONVERSION = YES;
				CLANG_WARN_INFINITE_RECURSION = YES;
				CLANG_WARN_INT_CONVERSION = YES;
				CLANG_WARN_NON_LITERAL_NULL_CONVERSION = YES;
				CLANG_WARN_OBJC_IMPLICIT_RETAIN_SELF = YES;
				CLANG_WARN_OBJC_LITERAL_CONVERSION = YES;
				CLANG_WARN_OBJC_ROOT_CLASS = YES_ERROR;
				CLANG_WARN_QUOTED_INCLUDE_IN_FRAMEWORK_HEADER = YES;
				CLANG_WARN_RANGE_LOOP_ANALYSIS = YES;
				CLANG_WARN_STRICT_PROTOTYPES = YES;
				CLANG_WARN_SUSPICIOUS_MOVE = YES;
				CLANG_WARN_UNGUARDED_AVAILABILITY = YES_AGGRESSIVE;
				CLANG_WARN_UNREACHABLE_CODE = YES;
				CLANG_WARN__DUPLICATE_METHOD_MATCH = YES;
				COPY_PHASE_STRIP = NO;
				DEBUG_INFORMATION_FORMAT = "dwarf-with-dsym";
				ENABLE_NS_ASSERTIONS = NO;
				ENABLE_STRICT_OBJC_MSGSEND = YES;
				ENABLE_USER_SCRIPT_SANDBOXING = YES;
				GCC_C_LANGUAGE_STANDARD = gnu17;
				GCC_NO_COMMON_BLOCKS = YES;
				GCC_WARN_64_TO_32_BIT_CONVERSION = YES;
				GCC_WARN_ABOUT_RETURN_TYPE = YES_ERROR;
				GCC_WARN_UNDECLARED_SELECTOR = YES;
				GCC_WARN_UNINITIALIZED_AUTOS = YES_AGGRESSIVE;
				GCC_WARN_UNUSED_FUNCTION = YES;
				GCC_WARN_UNUSED_VARIABLE = YES;
				IPHONEOS_DEPLOYMENT_TARGET = 17.0;
				LOCALIZATION_PREFERS_STRING_CATALOGS = YES;
				MTL_ENABLE_DEBUG_INFO = NO;
				MTL_FAST_MATH = YES;
				SDKROOT = iphoneos;
				SWIFT_COMPILATION_MODE = wholemodule;
				VALIDATE_PRODUCT = YES;
			};
			name = Release;
		};
		CB8BF4DC2A815E4700F5E411 /* Debug */ = {
			isa = XCBuildConfiguration;
			buildSettings = {
				ASSETCATALOG_COMPILER_APPICON_NAME = AppIcon;
				ASSETCATALOG_COMPILER_GLOBAL_ACCENT_COLOR_NAME = AccentColor;
				CODE_SIGN_STYLE = Automatic;
				CURRENT_PROJECT_VERSION = 1;
				DEVELOPMENT_ASSET_PATHS = "\"SuperHero3/Preview Content\"";
				DEVELOPMENT_TEAM = 5JY83H55A5;
				ENABLE_PREVIEWS = YES;
				GENERATE_INFOPLIST_FILE = YES;
				INFOPLIST_KEY_UIApplicationSceneManifest_Generation = YES;
				INFOPLIST_KEY_UIApplicationSupportsIndirectInputEvents = YES;
				INFOPLIST_KEY_UILaunchScreen_Generation = YES;
				INFOPLIST_KEY_UISupportedInterfaceOrientations_iPad = "UIInterfaceOrientationPortrait UIInterfaceOrientationPortraitUpsideDown UIInterfaceOrientationLandscapeLeft UIInterfaceOrientationLandscapeRight";
				INFOPLIST_KEY_UISupportedInterfaceOrientations_iPhone = "UIInterfaceOrientationPortrait UIInterfaceOrientationLandscapeLeft UIInterfaceOrientationLandscapeRight";
				IPHONEOS_DEPLOYMENT_TARGET = 16.0;
				LD_RUNPATH_SEARCH_PATHS = (
					"$(inherited)",
					"@executable_path/Frameworks",
				);
				MARKETING_VERSION = 1.0;
				PRODUCT_BUNDLE_IDENTIFIER = ru.apbrandom.SuperHero3;
				PRODUCT_NAME = "$(TARGET_NAME)";
				SWIFT_EMIT_LOC_STRINGS = YES;
				SWIFT_VERSION = 5.0;
				TARGETED_DEVICE_FAMILY = "1,2";
			};
			name = Debug;
		};
		CB8BF4DD2A815E4700F5E411 /* Release */ = {
			isa = XCBuildConfiguration;
			buildSettings = {
				ASSETCATALOG_COMPILER_APPICON_NAME = AppIcon;
				ASSETCATALOG_COMPILER_GLOBAL_ACCENT_COLOR_NAME = AccentColor;
				CODE_SIGN_STYLE = Automatic;
				CURRENT_PROJECT_VERSION = 1;
				DEVELOPMENT_ASSET_PATHS = "\"SuperHero3/Preview Content\"";
				DEVELOPMENT_TEAM = 5JY83H55A5;
				ENABLE_PREVIEWS = YES;
				GENERATE_INFOPLIST_FILE = YES;
				INFOPLIST_KEY_UIApplicationSceneManifest_Generation = YES;
				INFOPLIST_KEY_UIApplicationSupportsIndirectInputEvents = YES;
				INFOPLIST_KEY_UILaunchScreen_Generation = YES;
				INFOPLIST_KEY_UISupportedInterfaceOrientations_iPad = "UIInterfaceOrientationPortrait UIInterfaceOrientationPortraitUpsideDown UIInterfaceOrientationLandscapeLeft UIInterfaceOrientationLandscapeRight";
				INFOPLIST_KEY_UISupportedInterfaceOrientations_iPhone = "UIInterfaceOrientationPortrait UIInterfaceOrientationLandscapeLeft UIInterfaceOrientationLandscapeRight";
				IPHONEOS_DEPLOYMENT_TARGET = 16.0;
				LD_RUNPATH_SEARCH_PATHS = (
					"$(inherited)",
					"@executable_path/Frameworks",
				);
				MARKETING_VERSION = 1.0;
				PRODUCT_BUNDLE_IDENTIFIER = ru.apbrandom.SuperHero3;
				PRODUCT_NAME = "$(TARGET_NAME)";
				SWIFT_EMIT_LOC_STRINGS = YES;
				SWIFT_VERSION = 5.0;
				TARGETED_DEVICE_FAMILY = "1,2";
			};
			name = Release;
		};
/* End XCBuildConfiguration section */

/* Begin XCConfigurationList section */
		CB8BF4C82A815E4400F5E411 /* Build configuration list for PBXProject "SuperHero3" */ = {
			isa = XCConfigurationList;
			buildConfigurations = (
				CB8BF4D92A815E4700F5E411 /* Debug */,
				CB8BF4DA2A815E4700F5E411 /* Release */,
			);
			defaultConfigurationIsVisible = 0;
			defaultConfigurationName = Release;
		};
		CB8BF4DB2A815E4700F5E411 /* Build configuration list for PBXNativeTarget "SuperHero3" */ = {
			isa = XCConfigurationList;
			buildConfigurations = (
				CB8BF4DC2A815E4700F5E411 /* Debug */,
				CB8BF4DD2A815E4700F5E411 /* Release */,
			);
			defaultConfigurationIsVisible = 0;
			defaultConfigurationName = Release;
		};
/* End XCConfigurationList section */
	};
	rootObject = CB8BF4C52A815E4400F5E411 /* Project object */;
}
